
Microsoft Visual Studio Solution File, Format Version 12.00
# Visual Studio Version 17
VisualStudioVersion = 17.4.33205.214
MinimumVisualStudioVersion = 10.0.40219.1
Project("{FAE04EC0-301F-11D3-BF4B-00C04F79EFBC}") = "Restaurant", "Restaurant\Restaurant.csproj", "{14A4FDE8-5D2A-48E2-9A1B-D7F17D9A0F77}"
EndProject
Global
	GlobalSection(SolutionConfigurationPlatforms) = preSolution
		Debug|Any CPU = Debug|Any CPU
		Release|Any CPU = Release|Any CPU
	EndGlobalSection
	GlobalSection(ProjectConfigurationPlatforms) = postSolution
		{14A4FDE8-5D2A-48E2-9A1B-D7F17D9A0F77}.Debug|Any CPU.ActiveCfg = Debug|Any CPU
		{14A4FDE8-5D2A-48E2-9A1B-D7F17D9A0F77}.Debug|Any CPU.Build.0 = Debug|Any CPU
		{14A4FDE8-5D2A-48E2-9A1B-D7F17D9A0F77}.Release|Any CPU.ActiveCfg = Release|Any CPU
		{14A4FDE8-5D2A-48E2-9A1B-D7F17D9A0F77}.Release|Any CPU.Build.0 = Release|Any CPU
	EndGlobalSection
	GlobalSection(SolutionProperties) = preSolution
		HideSolutionNode = FALSE
	EndGlobalSection
	GlobalSection(ExtensibilityGlobals) = postSolution
		SolutionGuid = {F64B87D7-B60E-4F3E-A613-9B90CEF084CB}
	EndGlobalSection
EndGlobal
